// !$*UTF8*$!
{
	archiveVersion = 1;
	classes = {
	};
	objectVersion = 55;
	objects = {

/* Begin PBXBuildFile section */
		7964AABBD4093A1C2DEF2D27 /* Pods_GitTrends_GitTrendsUITests.framework in Frameworks */ = {isa = PBXBuildFile; fileRef = CB3B8BF29F9E846014C4ED89 /* Pods_GitTrends_GitTrendsUITests.framework */; };
		BF5E7DF1274EDE90004CB2D5 /* retry_json.json in Resources */ = {isa = PBXBuildFile; fileRef = BF5E7DF0274EDE90004CB2D5 /* retry_json.json */; };
		BF8DA68A2748FCCD00839B00 /* AppDelegate.swift in Sources */ = {isa = PBXBuildFile; fileRef = BF8DA6892748FCCD00839B00 /* AppDelegate.swift */; };
		BF8DA68C2748FCCD00839B00 /* SceneDelegate.swift in Sources */ = {isa = PBXBuildFile; fileRef = BF8DA68B2748FCCD00839B00 /* SceneDelegate.swift */; };
		BF8DA6932748FCCE00839B00 /* Assets.xcassets in Resources */ = {isa = PBXBuildFile; fileRef = BF8DA6922748FCCE00839B00 /* Assets.xcassets */; };
		BF8DA6962748FCCE00839B00 /* LaunchScreen.storyboard in Resources */ = {isa = PBXBuildFile; fileRef = BF8DA6942748FCCE00839B00 /* LaunchScreen.storyboard */; };
		BF8DA6A12748FCCE00839B00 /* GitTrendsTests.swift in Sources */ = {isa = PBXBuildFile; fileRef = BF8DA6A02748FCCE00839B00 /* GitTrendsTests.swift */; };
		BF8DA6AB2748FCCE00839B00 /* GitTrendsUITests.swift in Sources */ = {isa = PBXBuildFile; fileRef = BF8DA6AA2748FCCE00839B00 /* GitTrendsUITests.swift */; };
		BF8DA6AD2748FCCE00839B00 /* GitTrendsUITestsLaunchTests.swift in Sources */ = {isa = PBXBuildFile; fileRef = BF8DA6AC2748FCCE00839B00 /* GitTrendsUITestsLaunchTests.swift */; };
		BF8DA6C22748FED100839B00 /* TrendsListingViewController.swift in Sources */ = {isa = PBXBuildFile; fileRef = BF8DA6C02748FED100839B00 /* TrendsListingViewController.swift */; };
		BF8DA6C32748FED100839B00 /* TrendsListingViewController.swift in Sources */ = {isa = PBXBuildFile; fileRef = BF8DA6C02748FED100839B00 /* TrendsListingViewController.swift */; };
		BF8DA6C42748FED100839B00 /* TrendsListingViewController.swift in Sources */ = {isa = PBXBuildFile; fileRef = BF8DA6C02748FED100839B00 /* TrendsListingViewController.swift */; };
		BF8DA6C52748FED100839B00 /* TrendsListingViewController.xib in Resources */ = {isa = PBXBuildFile; fileRef = BF8DA6C12748FED100839B00 /* TrendsListingViewController.xib */; };
		BF8DA6C62748FED100839B00 /* TrendsListingViewController.xib in Resources */ = {isa = PBXBuildFile; fileRef = BF8DA6C12748FED100839B00 /* TrendsListingViewController.xib */; };
		BF8DA6C72748FED100839B00 /* TrendsListingViewController.xib in Resources */ = {isa = PBXBuildFile; fileRef = BF8DA6C12748FED100839B00 /* TrendsListingViewController.xib */; };
		BF8DA6C927490DDD00839B00 /* NetworkManager.swift in Sources */ = {isa = PBXBuildFile; fileRef = BF8DA6C827490DDD00839B00 /* NetworkManager.swift */; };
		BF8DA6CB27490DF700839B00 /* Endpoint.swift in Sources */ = {isa = PBXBuildFile; fileRef = BF8DA6CA27490DF700839B00 /* Endpoint.swift */; };
		BF8DA6CF27490E5500839B00 /* GitHubEndpoint.swift in Sources */ = {isa = PBXBuildFile; fileRef = BF8DA6CE27490E5500839B00 /* GitHubEndpoint.swift */; };
		BF8DA6D027490E5500839B00 /* GitHubEndpoint.swift in Sources */ = {isa = PBXBuildFile; fileRef = BF8DA6CE27490E5500839B00 /* GitHubEndpoint.swift */; };
		BF8DA6D127490E5500839B00 /* GitHubEndpoint.swift in Sources */ = {isa = PBXBuildFile; fileRef = BF8DA6CE27490E5500839B00 /* GitHubEndpoint.swift */; };
		BF8DA6D227490E5800839B00 /* Endpoint.swift in Sources */ = {isa = PBXBuildFile; fileRef = BF8DA6CA27490DF700839B00 /* Endpoint.swift */; };
		BF8DA6D327490E5900839B00 /* Endpoint.swift in Sources */ = {isa = PBXBuildFile; fileRef = BF8DA6CA27490DF700839B00 /* Endpoint.swift */; };
		BF8DA6D427490E5B00839B00 /* NetworkManager.swift in Sources */ = {isa = PBXBuildFile; fileRef = BF8DA6C827490DDD00839B00 /* NetworkManager.swift */; };
		BF8DA6D527490E5C00839B00 /* NetworkManager.swift in Sources */ = {isa = PBXBuildFile; fileRef = BF8DA6C827490DDD00839B00 /* NetworkManager.swift */; };
		BF8DA6D727490E8900839B00 /* GitHubRepoModel.swift in Sources */ = {isa = PBXBuildFile; fileRef = BF8DA6D627490E8900839B00 /* GitHubRepoModel.swift */; };
		BF8DA6D827490E8900839B00 /* GitHubRepoModel.swift in Sources */ = {isa = PBXBuildFile; fileRef = BF8DA6D627490E8900839B00 /* GitHubRepoModel.swift */; };
		BF8DA6D927490E8900839B00 /* GitHubRepoModel.swift in Sources */ = {isa = PBXBuildFile; fileRef = BF8DA6D627490E8900839B00 /* GitHubRepoModel.swift */; };
		BF8DA6DC274A351400839B00 /* MockNetworkManager.swift in Sources */ = {isa = PBXBuildFile; fileRef = BF8DA6DB274A351400839B00 /* MockNetworkManager.swift */; };
		BF8DA6DD274A351400839B00 /* MockNetworkManager.swift in Sources */ = {isa = PBXBuildFile; fileRef = BF8DA6DB274A351400839B00 /* MockNetworkManager.swift */; };
		BF8DA6E0274A361400839B00 /* TrendingGitRepoSuccessResponse.json in Resources */ = {isa = PBXBuildFile; fileRef = BF8DA6DF274A361400839B00 /* TrendingGitRepoSuccessResponse.json */; };
		BF8DA6E1274A361400839B00 /* TrendingGitRepoSuccessResponse.json in Resources */ = {isa = PBXBuildFile; fileRef = BF8DA6DF274A361400839B00 /* TrendingGitRepoSuccessResponse.json */; };
		BF8DA6E4274A366600839B00 /* TrendsListingTests.swift in Sources */ = {isa = PBXBuildFile; fileRef = BF8DA6E3274A366600839B00 /* TrendsListingTests.swift */; };
		BF8DA6E5274A366600839B00 /* TrendsListingTests.swift in Sources */ = {isa = PBXBuildFile; fileRef = BF8DA6E3274A366600839B00 /* TrendsListingTests.swift */; };
		BF8FE64C274D225400B15C6F /* TrendsListingViewModel.swift in Sources */ = {isa = PBXBuildFile; fileRef = BF8FE64B274D225400B15C6F /* TrendsListingViewModel.swift */; };
		BF8FE656274D2A8000B15C6F /* TrendsListingTableViewCell.swift in Sources */ = {isa = PBXBuildFile; fileRef = BF8FE654274D2A8000B15C6F /* TrendsListingTableViewCell.swift */; };
		BF8FE657274D2A8000B15C6F /* TrendsListingTableViewCell.swift in Sources */ = {isa = PBXBuildFile; fileRef = BF8FE654274D2A8000B15C6F /* TrendsListingTableViewCell.swift */; };
		BF8FE658274D2A8000B15C6F /* TrendsListingTableViewCell.swift in Sources */ = {isa = PBXBuildFile; fileRef = BF8FE654274D2A8000B15C6F /* TrendsListingTableViewCell.swift */; };
		BF8FE659274D2A8000B15C6F /* TrendsListingTableViewCell.xib in Resources */ = {isa = PBXBuildFile; fileRef = BF8FE655274D2A8000B15C6F /* TrendsListingTableViewCell.xib */; };
		BF8FE65A274D2A8000B15C6F /* TrendsListingTableViewCell.xib in Resources */ = {isa = PBXBuildFile; fileRef = BF8FE655274D2A8000B15C6F /* TrendsListingTableViewCell.xib */; };
		BF8FE65B274D2A8000B15C6F /* TrendsListingTableViewCell.xib in Resources */ = {isa = PBXBuildFile; fileRef = BF8FE655274D2A8000B15C6F /* TrendsListingTableViewCell.xib */; };
		BF8FE676274ED5F600B15C6F /* UIColor+EXT.swift in Sources */ = {isa = PBXBuildFile; fileRef = BF8FE675274ED5F500B15C6F /* UIColor+EXT.swift */; };
		BFB5011F274F579000735673 /* ViewControllerFactory.swift in Sources */ = {isa = PBXBuildFile; fileRef = BFB5011E274F579000735673 /* ViewControllerFactory.swift */; };
		BFB50125274F670300735673 /* MockViewControllerFactory.swift in Sources */ = {isa = PBXBuildFile; fileRef = BFB50124274F670300735673 /* MockViewControllerFactory.swift */; };
		BFB50126274F67AA00735673 /* ViewControllerFactory.swift in Sources */ = {isa = PBXBuildFile; fileRef = BFB5011E274F579000735673 /* ViewControllerFactory.swift */; };
		BFB50127274F67AA00735673 /* ViewControllerFactory.swift in Sources */ = {isa = PBXBuildFile; fileRef = BFB5011E274F579000735673 /* ViewControllerFactory.swift */; };
		BFB50128274F67B800735673 /* TrendsListingViewModel.swift in Sources */ = {isa = PBXBuildFile; fileRef = BF8FE64B274D225400B15C6F /* TrendsListingViewModel.swift */; };
		BFB50129274F67B900735673 /* TrendsListingViewModel.swift in Sources */ = {isa = PBXBuildFile; fileRef = BF8FE64B274D225400B15C6F /* TrendsListingViewModel.swift */; };
		BFB5012A274F694300735673 /* UIColor+EXT.swift in Sources */ = {isa = PBXBuildFile; fileRef = BF8FE675274ED5F500B15C6F /* UIColor+EXT.swift */; };
		BFB5012B274F694300735673 /* UIColor+EXT.swift in Sources */ = {isa = PBXBuildFile; fileRef = BF8FE675274ED5F500B15C6F /* UIColor+EXT.swift */; };
		BFB5012C274F699900735673 /* MockViewControllerFactory.swift in Sources */ = {isa = PBXBuildFile; fileRef = BFB50124274F670300735673 /* MockViewControllerFactory.swift */; };
		DF1D9EEFA0387F6EB342EF18 /* Pods_GitTrendsTests.framework in Frameworks */ = {isa = PBXBuildFile; fileRef = CC36854D09B4143BEC9C413D /* Pods_GitTrendsTests.framework */; };
		E41F34878F5ACE6CBB684824 /* Pods_GitTrends.framework in Frameworks */ = {isa = PBXBuildFile; fileRef = E363DA791EC0657DE372C644 /* Pods_GitTrends.framework */; };
/* End PBXBuildFile section */

/* Begin PBXContainerItemProxy section */
		BF8DA69D2748FCCE00839B00 /* PBXContainerItemProxy */ = {
			isa = PBXContainerItemProxy;
			containerPortal = BF8DA67E2748FCCD00839B00 /* Project object */;
			proxyType = 1;
			remoteGlobalIDString = BF8DA6852748FCCD00839B00;
			remoteInfo = GitTrends;
		};
		BF8DA6A72748FCCE00839B00 /* PBXContainerItemProxy */ = {
			isa = PBXContainerItemProxy;
			containerPortal = BF8DA67E2748FCCD00839B00 /* Project object */;
			proxyType = 1;
			remoteGlobalIDString = BF8DA6852748FCCD00839B00;
			remoteInfo = GitTrends;
		};
/* End PBXContainerItemProxy section */

/* Begin PBXFileReference section */
		5D96229F0F85DD4F662463E7 /* Pods-GitTrends-GitTrendsUITests.release.xcconfig */ = {isa = PBXFileReference; includeInIndex = 1; lastKnownFileType = text.xcconfig; name = "Pods-GitTrends-GitTrendsUITests.release.xcconfig"; path = "Target Support Files/Pods-GitTrends-GitTrendsUITests/Pods-GitTrends-GitTrendsUITests.release.xcconfig"; sourceTree = "<group>"; };
		60505F5A04A9C59576C3C561 /* Pods-GitTrends.release.xcconfig */ = {isa = PBXFileReference; includeInIndex = 1; lastKnownFileType = text.xcconfig; name = "Pods-GitTrends.release.xcconfig"; path = "Target Support Files/Pods-GitTrends/Pods-GitTrends.release.xcconfig"; sourceTree = "<group>"; };
		61BB7B231C3C481984BCC19E /* Pods-GitTrendsTests.debug.xcconfig */ = {isa = PBXFileReference; includeInIndex = 1; lastKnownFileType = text.xcconfig; name = "Pods-GitTrendsTests.debug.xcconfig"; path = "Target Support Files/Pods-GitTrendsTests/Pods-GitTrendsTests.debug.xcconfig"; sourceTree = "<group>"; };
		8641E8A66008D069B45D8CD1 /* Pods-GitTrends.debug.xcconfig */ = {isa = PBXFileReference; includeInIndex = 1; lastKnownFileType = text.xcconfig; name = "Pods-GitTrends.debug.xcconfig"; path = "Target Support Files/Pods-GitTrends/Pods-GitTrends.debug.xcconfig"; sourceTree = "<group>"; };
		8C4BDE75749FA13BD528AFBC /* Pods-GitTrendsTests.release.xcconfig */ = {isa = PBXFileReference; includeInIndex = 1; lastKnownFileType = text.xcconfig; name = "Pods-GitTrendsTests.release.xcconfig"; path = "Target Support Files/Pods-GitTrendsTests/Pods-GitTrendsTests.release.xcconfig"; sourceTree = "<group>"; };
		BF5E7DF0274EDE90004CB2D5 /* retry_json.json */ = {isa = PBXFileReference; fileEncoding = 4; lastKnownFileType = text.json; path = retry_json.json; sourceTree = "<group>"; };
		BF8DA6862748FCCD00839B00 /* GitTrends.app */ = {isa = PBXFileReference; explicitFileType = wrapper.application; includeInIndex = 0; path = GitTrends.app; sourceTree = BUILT_PRODUCTS_DIR; };
		BF8DA6892748FCCD00839B00 /* AppDelegate.swift */ = {isa = PBXFileReference; lastKnownFileType = sourcecode.swift; path = AppDelegate.swift; sourceTree = "<group>"; };
		BF8DA68B2748FCCD00839B00 /* SceneDelegate.swift */ = {isa = PBXFileReference; lastKnownFileType = sourcecode.swift; path = SceneDelegate.swift; sourceTree = "<group>"; };
		BF8DA6922748FCCE00839B00 /* Assets.xcassets */ = {isa = PBXFileReference; lastKnownFileType = folder.assetcatalog; path = Assets.xcassets; sourceTree = "<group>"; };
		BF8DA6952748FCCE00839B00 /* Base */ = {isa = PBXFileReference; lastKnownFileType = file.storyboard; name = Base; path = Base.lproj/LaunchScreen.storyboard; sourceTree = "<group>"; };
		BF8DA6972748FCCE00839B00 /* Info.plist */ = {isa = PBXFileReference; lastKnownFileType = text.plist.xml; path = Info.plist; sourceTree = "<group>"; };
		BF8DA69C2748FCCE00839B00 /* GitTrendsTests.xctest */ = {isa = PBXFileReference; explicitFileType = wrapper.cfbundle; includeInIndex = 0; path = GitTrendsTests.xctest; sourceTree = BUILT_PRODUCTS_DIR; };
		BF8DA6A02748FCCE00839B00 /* GitTrendsTests.swift */ = {isa = PBXFileReference; lastKnownFileType = sourcecode.swift; path = GitTrendsTests.swift; sourceTree = "<group>"; };
		BF8DA6A62748FCCE00839B00 /* GitTrendsUITests.xctest */ = {isa = PBXFileReference; explicitFileType = wrapper.cfbundle; includeInIndex = 0; path = GitTrendsUITests.xctest; sourceTree = BUILT_PRODUCTS_DIR; };
		BF8DA6AA2748FCCE00839B00 /* GitTrendsUITests.swift */ = {isa = PBXFileReference; lastKnownFileType = sourcecode.swift; path = GitTrendsUITests.swift; sourceTree = "<group>"; };
		BF8DA6AC2748FCCE00839B00 /* GitTrendsUITestsLaunchTests.swift */ = {isa = PBXFileReference; lastKnownFileType = sourcecode.swift; path = GitTrendsUITestsLaunchTests.swift; sourceTree = "<group>"; };
		BF8DA6C02748FED100839B00 /* TrendsListingViewController.swift */ = {isa = PBXFileReference; lastKnownFileType = sourcecode.swift; path = TrendsListingViewController.swift; sourceTree = "<group>"; };
		BF8DA6C12748FED100839B00 /* TrendsListingViewController.xib */ = {isa = PBXFileReference; lastKnownFileType = file.xib; path = TrendsListingViewController.xib; sourceTree = "<group>"; };
		BF8DA6C827490DDD00839B00 /* NetworkManager.swift */ = {isa = PBXFileReference; lastKnownFileType = sourcecode.swift; path = NetworkManager.swift; sourceTree = "<group>"; };
		BF8DA6CA27490DF700839B00 /* Endpoint.swift */ = {isa = PBXFileReference; lastKnownFileType = sourcecode.swift; path = Endpoint.swift; sourceTree = "<group>"; };
		BF8DA6CE27490E5500839B00 /* GitHubEndpoint.swift */ = {isa = PBXFileReference; lastKnownFileType = sourcecode.swift; path = GitHubEndpoint.swift; sourceTree = "<group>"; };
		BF8DA6D627490E8900839B00 /* GitHubRepoModel.swift */ = {isa = PBXFileReference; lastKnownFileType = sourcecode.swift; path = GitHubRepoModel.swift; sourceTree = "<group>"; };
		BF8DA6DB274A351400839B00 /* MockNetworkManager.swift */ = {isa = PBXFileReference; lastKnownFileType = sourcecode.swift; path = MockNetworkManager.swift; sourceTree = "<group>"; };
		BF8DA6DF274A361400839B00 /* TrendingGitRepoSuccessResponse.json */ = {isa = PBXFileReference; lastKnownFileType = text.json; path = TrendingGitRepoSuccessResponse.json; sourceTree = "<group>"; };
		BF8DA6E3274A366600839B00 /* TrendsListingTests.swift */ = {isa = PBXFileReference; lastKnownFileType = sourcecode.swift; path = TrendsListingTests.swift; sourceTree = "<group>"; };
		BF8FE64B274D225400B15C6F /* TrendsListingViewModel.swift */ = {isa = PBXFileReference; lastKnownFileType = sourcecode.swift; path = TrendsListingViewModel.swift; sourceTree = "<group>"; };
		BF8FE654274D2A8000B15C6F /* TrendsListingTableViewCell.swift */ = {isa = PBXFileReference; lastKnownFileType = sourcecode.swift; path = TrendsListingTableViewCell.swift; sourceTree = "<group>"; };
		BF8FE655274D2A8000B15C6F /* TrendsListingTableViewCell.xib */ = {isa = PBXFileReference; lastKnownFileType = file.xib; path = TrendsListingTableViewCell.xib; sourceTree = "<group>"; };
		BF8FE675274ED5F500B15C6F /* UIColor+EXT.swift */ = {isa = PBXFileReference; lastKnownFileType = sourcecode.swift; path = "UIColor+EXT.swift"; sourceTree = "<group>"; };
		BFB5011E274F579000735673 /* ViewControllerFactory.swift */ = {isa = PBXFileReference; lastKnownFileType = sourcecode.swift; path = ViewControllerFactory.swift; sourceTree = "<group>"; };
		BFB50124274F670300735673 /* MockViewControllerFactory.swift */ = {isa = PBXFileReference; lastKnownFileType = sourcecode.swift; path = MockViewControllerFactory.swift; sourceTree = "<group>"; };
		CB3B8BF29F9E846014C4ED89 /* Pods_GitTrends_GitTrendsUITests.framework */ = {isa = PBXFileReference; explicitFileType = wrapper.framework; includeInIndex = 0; path = Pods_GitTrends_GitTrendsUITests.framework; sourceTree = BUILT_PRODUCTS_DIR; };
		CC36854D09B4143BEC9C413D /* Pods_GitTrendsTests.framework */ = {isa = PBXFileReference; explicitFileType = wrapper.framework; includeInIndex = 0; path = Pods_GitTrendsTests.framework; sourceTree = BUILT_PRODUCTS_DIR; };
		E363DA791EC0657DE372C644 /* Pods_GitTrends.framework */ = {isa = PBXFileReference; explicitFileType = wrapper.framework; includeInIndex = 0; path = Pods_GitTrends.framework; sourceTree = BUILT_PRODUCTS_DIR; };
		E543DE9B78D7EB0D714C182B /* Pods-GitTrends-GitTrendsUITests.debug.xcconfig */ = {isa = PBXFileReference; includeInIndex = 1; lastKnownFileType = text.xcconfig; name = "Pods-GitTrends-GitTrendsUITests.debug.xcconfig"; path = "Target Support Files/Pods-GitTrends-GitTrendsUITests/Pods-GitTrends-GitTrendsUITests.debug.xcconfig"; sourceTree = "<group>"; };
/* End PBXFileReference section */

/* Begin PBXFrameworksBuildPhase section */
		BF8DA6832748FCCD00839B00 /* Frameworks */ = {
			isa = PBXFrameworksBuildPhase;
			buildActionMask = 2147483647;
			files = (
				E41F34878F5ACE6CBB684824 /* Pods_GitTrends.framework in Frameworks */,
			);
			runOnlyForDeploymentPostprocessing = 0;
		};
		BF8DA6992748FCCE00839B00 /* Frameworks */ = {
			isa = PBXFrameworksBuildPhase;
			buildActionMask = 2147483647;
			files = (
				DF1D9EEFA0387F6EB342EF18 /* Pods_GitTrendsTests.framework in Frameworks */,
			);
			runOnlyForDeploymentPostprocessing = 0;
		};
		BF8DA6A32748FCCE00839B00 /* Frameworks */ = {
			isa = PBXFrameworksBuildPhase;
			buildActionMask = 2147483647;
			files = (
				7964AABBD4093A1C2DEF2D27 /* Pods_GitTrends_GitTrendsUITests.framework in Frameworks */,
			);
			runOnlyForDeploymentPostprocessing = 0;
		};
/* End PBXFrameworksBuildPhase section */

/* Begin PBXGroup section */
		80D0EB32BB3D2FC2D810B3D0 /* Frameworks */ = {
			isa = PBXGroup;
			children = (
				E363DA791EC0657DE372C644 /* Pods_GitTrends.framework */,
				CB3B8BF29F9E846014C4ED89 /* Pods_GitTrends_GitTrendsUITests.framework */,
				CC36854D09B4143BEC9C413D /* Pods_GitTrendsTests.framework */,
			);
			name = Frameworks;
			sourceTree = "<group>";
		};
		BF5E7DEF274EDB18004CB2D5 /* LottieFiles */ = {
			isa = PBXGroup;
			children = (
				BF5E7DF0274EDE90004CB2D5 /* retry_json.json */,
			);
			path = LottieFiles;
			sourceTree = "<group>";
		};
		BF8DA67D2748FCCD00839B00 = {
			isa = PBXGroup;
			children = (
				BF8DA6882748FCCD00839B00 /* GitTrends */,
				BF8DA69F2748FCCE00839B00 /* GitTrendsTests */,
				BF8DA6A92748FCCE00839B00 /* GitTrendsUITests */,
				BF8DA6872748FCCD00839B00 /* Products */,
				FCF3CD8F1CD32C6E010BF91F /* Pods */,
				80D0EB32BB3D2FC2D810B3D0 /* Frameworks */,
			);
			sourceTree = "<group>";
		};
		BF8DA6872748FCCD00839B00 /* Products */ = {
			isa = PBXGroup;
			children = (
				BF8DA6862748FCCD00839B00 /* GitTrends.app */,
				BF8DA69C2748FCCE00839B00 /* GitTrendsTests.xctest */,
				BF8DA6A62748FCCE00839B00 /* GitTrendsUITests.xctest */,
			);
			name = Products;
			sourceTree = "<group>";
		};
		BF8DA6882748FCCD00839B00 /* GitTrends */ = {
			isa = PBXGroup;
			children = (
				BF8DA6BD2748FE1100839B00 /* Sections */,
				BF8DA6BC2748FE0900839B00 /* Resources */,
				BF8DA6BB2748FDFB00839B00 /* Helpers */,
				BF8DA6B92748FDE300839B00 /* Network */,
			);
			path = GitTrends;
			sourceTree = "<group>";
		};
		BF8DA69F2748FCCE00839B00 /* GitTrendsTests */ = {
			isa = PBXGroup;
			children = (
				BF8DA6E2274A364100839B00 /* ListingTests */,
				BF8DA6DA274A34F900839B00 /* Mocks */,
				BF8DA6A02748FCCE00839B00 /* GitTrendsTests.swift */,
			);
			path = GitTrendsTests;
			sourceTree = "<group>";
		};
		BF8DA6A92748FCCE00839B00 /* GitTrendsUITests */ = {
			isa = PBXGroup;
			children = (
				BF8DA6AA2748FCCE00839B00 /* GitTrendsUITests.swift */,
				BF8DA6AC2748FCCE00839B00 /* GitTrendsUITestsLaunchTests.swift */,
			);
			path = GitTrendsUITests;
			sourceTree = "<group>";
		};
		BF8DA6B92748FDE300839B00 /* Network */ = {
			isa = PBXGroup;
			children = (
				BF8DA6C827490DDD00839B00 /* NetworkManager.swift */,
				BF8DA6CA27490DF700839B00 /* Endpoint.swift */,
				BF8DA6CD27490E2C00839B00 /* Endpoints */,
				BF8DA6CC27490E2100839B00 /* Models */,
			);
			path = Network;
			sourceTree = "<group>";
		};
		BF8DA6BB2748FDFB00839B00 /* Helpers */ = {
			isa = PBXGroup;
			children = (
				BFB5011D274F577800735673 /* Factories */,
				BFB5011C274F575900735673 /* Extensions */,
			);
			path = Helpers;
			sourceTree = "<group>";
		};
		BF8DA6BC2748FE0900839B00 /* Resources */ = {
			isa = PBXGroup;
			children = (
				BF5E7DEF274EDB18004CB2D5 /* LottieFiles */,
				BF8DA6972748FCCE00839B00 /* Info.plist */,
				BF8DA6922748FCCE00839B00 /* Assets.xcassets */,
			);
			path = Resources;
			sourceTree = "<group>";
		};
		BF8DA6BD2748FE1100839B00 /* Sections */ = {
			isa = PBXGroup;
			children = (
				BF8DA6BF2748FEA000839B00 /* Listing */,
				BF8DA6BE2748FE4700839B00 /* App */,
			);
			path = Sections;
			sourceTree = "<group>";
		};
		BF8DA6BE2748FE4700839B00 /* App */ = {
			isa = PBXGroup;
			children = (
				BF8DA6942748FCCE00839B00 /* LaunchScreen.storyboard */,
				BF8DA6892748FCCD00839B00 /* AppDelegate.swift */,
				BF8DA68B2748FCCD00839B00 /* SceneDelegate.swift */,
			);
			path = App;
			sourceTree = "<group>";
		};
		BF8DA6BF2748FEA000839B00 /* Listing */ = {
			isa = PBXGroup;
			children = (
				BFB50123274F668500735673 /* ViewModel */,
				BFB50122274F667200735673 /* ViewController */,
				BFB50120274F663B00735673 /* View */,
			);
			path = Listing;
			sourceTree = "<group>";
		};
		BF8DA6CC27490E2100839B00 /* Models */ = {
			isa = PBXGroup;
			children = (
				BF8DA6D627490E8900839B00 /* GitHubRepoModel.swift */,
			);
			path = Models;
			sourceTree = "<group>";
		};
		BF8DA6CD27490E2C00839B00 /* Endpoints */ = {
			isa = PBXGroup;
			children = (
				BF8DA6CE27490E5500839B00 /* GitHubEndpoint.swift */,
			);
			path = Endpoints;
			sourceTree = "<group>";
		};
		BF8DA6DA274A34F900839B00 /* Mocks */ = {
			isa = PBXGroup;
			children = (
				BF8DA6DB274A351400839B00 /* MockNetworkManager.swift */,
				BFB50124274F670300735673 /* MockViewControllerFactory.swift */,
				BF8DA6DE274A35D800839B00 /* Json */,
			);
			path = Mocks;
			sourceTree = "<group>";
		};
		BF8DA6DE274A35D800839B00 /* Json */ = {
			isa = PBXGroup;
			children = (
				BF8DA6DF274A361400839B00 /* TrendingGitRepoSuccessResponse.json */,
			);
			path = Json;
			sourceTree = "<group>";
		};
		BF8DA6E2274A364100839B00 /* ListingTests */ = {
			isa = PBXGroup;
			children = (
				BF8DA6E3274A366600839B00 /* TrendsListingTests.swift */,
			);
			path = ListingTests;
			sourceTree = "<group>";
		};
		BFB5011C274F575900735673 /* Extensions */ = {
			isa = PBXGroup;
			children = (
				BF8FE675274ED5F500B15C6F /* UIColor+EXT.swift */,
			);
			path = Extensions;
			sourceTree = "<group>";
		};
		BFB5011D274F577800735673 /* Factories */ = {
			isa = PBXGroup;
			children = (
				BFB5011E274F579000735673 /* ViewControllerFactory.swift */,
			);
			path = Factories;
			sourceTree = "<group>";
		};
		BFB50120274F663B00735673 /* View */ = {
			isa = PBXGroup;
			children = (
				BF8FE655274D2A8000B15C6F /* TrendsListingTableViewCell.xib */,
				BF8FE654274D2A8000B15C6F /* TrendsListingTableViewCell.swift */,
			);
			path = View;
			sourceTree = "<group>";
		};
		BFB50122274F667200735673 /* ViewController */ = {
			isa = PBXGroup;
			children = (
				BF8DA6C02748FED100839B00 /* TrendsListingViewController.swift */,
				BF8DA6C12748FED100839B00 /* TrendsListingViewController.xib */,
			);
			path = ViewController;
			sourceTree = "<group>";
		};
		BFB50123274F668500735673 /* ViewModel */ = {
			isa = PBXGroup;
			children = (
				BF8FE64B274D225400B15C6F /* TrendsListingViewModel.swift */,
			);
			path = ViewModel;
			sourceTree = "<group>";
		};
		FCF3CD8F1CD32C6E010BF91F /* Pods */ = {
			isa = PBXGroup;
			children = (
				8641E8A66008D069B45D8CD1 /* Pods-GitTrends.debug.xcconfig */,
				60505F5A04A9C59576C3C561 /* Pods-GitTrends.release.xcconfig */,
				E543DE9B78D7EB0D714C182B /* Pods-GitTrends-GitTrendsUITests.debug.xcconfig */,
				5D96229F0F85DD4F662463E7 /* Pods-GitTrends-GitTrendsUITests.release.xcconfig */,
				61BB7B231C3C481984BCC19E /* Pods-GitTrendsTests.debug.xcconfig */,
				8C4BDE75749FA13BD528AFBC /* Pods-GitTrendsTests.release.xcconfig */,
			);
			path = Pods;
			sourceTree = "<group>";
		};
/* End PBXGroup section */

/* Begin PBXNativeTarget section */
		BF8DA6852748FCCD00839B00 /* GitTrends */ = {
			isa = PBXNativeTarget;
			buildConfigurationList = BF8DA6B02748FCCE00839B00 /* Build configuration list for PBXNativeTarget "GitTrends" */;
			buildPhases = (
				93AB1B49C2EC8A03A1560AF2 /* [CP] Check Pods Manifest.lock */,
				BF8DA6822748FCCD00839B00 /* Sources */,
				BF8DA6832748FCCD00839B00 /* Frameworks */,
				BF8DA6842748FCCD00839B00 /* Resources */,
				084277D20CF212D37A5E51A7 /* [CP] Embed Pods Frameworks */,
			);
			buildRules = (
			);
			dependencies = (
			);
			name = GitTrends;
			productName = GitTrends;
			productReference = BF8DA6862748FCCD00839B00 /* GitTrends.app */;
			productType = "com.apple.product-type.application";
		};
		BF8DA69B2748FCCE00839B00 /* GitTrendsTests */ = {
			isa = PBXNativeTarget;
			buildConfigurationList = BF8DA6B32748FCCE00839B00 /* Build configuration list for PBXNativeTarget "GitTrendsTests" */;
			buildPhases = (
				8CFFC0D0F6C6541311871B27 /* [CP] Check Pods Manifest.lock */,
				BF8DA6982748FCCE00839B00 /* Sources */,
				BF8DA6992748FCCE00839B00 /* Frameworks */,
				BF8DA69A2748FCCE00839B00 /* Resources */,
			);
			buildRules = (
			);
			dependencies = (
				BF8DA69E2748FCCE00839B00 /* PBXTargetDependency */,
			);
			name = GitTrendsTests;
			productName = GitTrendsTests;
			productReference = BF8DA69C2748FCCE00839B00 /* GitTrendsTests.xctest */;
			productType = "com.apple.product-type.bundle.unit-test";
		};
		BF8DA6A52748FCCE00839B00 /* GitTrendsUITests */ = {
			isa = PBXNativeTarget;
			buildConfigurationList = BF8DA6B62748FCCE00839B00 /* Build configuration list for PBXNativeTarget "GitTrendsUITests" */;
			buildPhases = (
				AE3772DC591B25277DE58CDF /* [CP] Check Pods Manifest.lock */,
				BF8DA6A22748FCCE00839B00 /* Sources */,
				BF8DA6A32748FCCE00839B00 /* Frameworks */,
				BF8DA6A42748FCCE00839B00 /* Resources */,
				3D6149ADB6B45EDF83AC6121 /* [CP] Embed Pods Frameworks */,
			);
			buildRules = (
			);
			dependencies = (
				BF8DA6A82748FCCE00839B00 /* PBXTargetDependency */,
			);
			name = GitTrendsUITests;
			productName = GitTrendsUITests;
			productReference = BF8DA6A62748FCCE00839B00 /* GitTrendsUITests.xctest */;
			productType = "com.apple.product-type.bundle.ui-testing";
		};
/* End PBXNativeTarget section */

/* Begin PBXProject section */
		BF8DA67E2748FCCD00839B00 /* Project object */ = {
			isa = PBXProject;
			attributes = {
				BuildIndependentTargetsInParallel = 1;
				LastSwiftUpdateCheck = 1300;
				LastUpgradeCheck = 1300;
				TargetAttributes = {
					BF8DA6852748FCCD00839B00 = {
						CreatedOnToolsVersion = 13.0;
					};
					BF8DA69B2748FCCE00839B00 = {
						CreatedOnToolsVersion = 13.0;
						TestTargetID = BF8DA6852748FCCD00839B00;
					};
					BF8DA6A52748FCCE00839B00 = {
						CreatedOnToolsVersion = 13.0;
						TestTargetID = BF8DA6852748FCCD00839B00;
					};
				};
			};
			buildConfigurationList = BF8DA6812748FCCD00839B00 /* Build configuration list for PBXProject "GitTrends" */;
			compatibilityVersion = "Xcode 13.0";
			developmentRegion = en;
			hasScannedForEncodings = 0;
			knownRegions = (
				en,
				Base,
			);
			mainGroup = BF8DA67D2748FCCD00839B00;
			productRefGroup = BF8DA6872748FCCD00839B00 /* Products */;
			projectDirPath = "";
			projectRoot = "";
			targets = (
				BF8DA6852748FCCD00839B00 /* GitTrends */,
				BF8DA69B2748FCCE00839B00 /* GitTrendsTests */,
				BF8DA6A52748FCCE00839B00 /* GitTrendsUITests */,
			);
		};
/* End PBXProject section */

/* Begin PBXResourcesBuildPhase section */
		BF8DA6842748FCCD00839B00 /* Resources */ = {
			isa = PBXResourcesBuildPhase;
			buildActionMask = 2147483647;
			files = (
				BF8FE659274D2A8000B15C6F /* TrendsListingTableViewCell.xib in Resources */,
				BF5E7DF1274EDE90004CB2D5 /* retry_json.json in Resources */,
				BF8DA6C52748FED100839B00 /* TrendsListingViewController.xib in Resources */,
				BF8DA6962748FCCE00839B00 /* LaunchScreen.storyboard in Resources */,
				BF8DA6932748FCCE00839B00 /* Assets.xcassets in Resources */,
			);
			runOnlyForDeploymentPostprocessing = 0;
		};
		BF8DA69A2748FCCE00839B00 /* Resources */ = {
			isa = PBXResourcesBuildPhase;
			buildActionMask = 2147483647;
			files = (
				BF8FE65A274D2A8000B15C6F /* TrendsListingTableViewCell.xib in Resources */,
				BF8DA6C62748FED100839B00 /* TrendsListingViewController.xib in Resources */,
				BF8DA6E0274A361400839B00 /* TrendingGitRepoSuccessResponse.json in Resources */,
			);
			runOnlyForDeploymentPostprocessing = 0;
		};
		BF8DA6A42748FCCE00839B00 /* Resources */ = {
			isa = PBXResourcesBuildPhase;
			buildActionMask = 2147483647;
			files = (
				BF8FE65B274D2A8000B15C6F /* TrendsListingTableViewCell.xib in Resources */,
				BF8DA6C72748FED100839B00 /* TrendsListingViewController.xib in Resources */,
				BF8DA6E1274A361400839B00 /* TrendingGitRepoSuccessResponse.json in Resources */,
			);
			runOnlyForDeploymentPostprocessing = 0;
		};
/* End PBXResourcesBuildPhase section */

/* Begin PBXShellScriptBuildPhase section */
		084277D20CF212D37A5E51A7 /* [CP] Embed Pods Frameworks */ = {
			isa = PBXShellScriptBuildPhase;
			buildActionMask = 2147483647;
			files = (
			);
			inputFileListPaths = (
				"${PODS_ROOT}/Target Support Files/Pods-GitTrends/Pods-GitTrends-frameworks-${CONFIGURATION}-input-files.xcfilelist",
			);
			name = "[CP] Embed Pods Frameworks";
			outputFileListPaths = (
				"${PODS_ROOT}/Target Support Files/Pods-GitTrends/Pods-GitTrends-frameworks-${CONFIGURATION}-output-files.xcfilelist",
			);
			runOnlyForDeploymentPostprocessing = 0;
			shellPath = /bin/sh;
			shellScript = "\"${PODS_ROOT}/Target Support Files/Pods-GitTrends/Pods-GitTrends-frameworks.sh\"\n";
			showEnvVarsInLog = 0;
		};
		3D6149ADB6B45EDF83AC6121 /* [CP] Embed Pods Frameworks */ = {
			isa = PBXShellScriptBuildPhase;
			buildActionMask = 2147483647;
			files = (
			);
			inputFileListPaths = (
				"${PODS_ROOT}/Target Support Files/Pods-GitTrends-GitTrendsUITests/Pods-GitTrends-GitTrendsUITests-frameworks-${CONFIGURATION}-input-files.xcfilelist",
			);
			name = "[CP] Embed Pods Frameworks";
			outputFileListPaths = (
				"${PODS_ROOT}/Target Support Files/Pods-GitTrends-GitTrendsUITests/Pods-GitTrends-GitTrendsUITests-frameworks-${CONFIGURATION}-output-files.xcfilelist",
			);
			runOnlyForDeploymentPostprocessing = 0;
			shellPath = /bin/sh;
			shellScript = "\"${PODS_ROOT}/Target Support Files/Pods-GitTrends-GitTrendsUITests/Pods-GitTrends-GitTrendsUITests-frameworks.sh\"\n";
			showEnvVarsInLog = 0;
		};
		8CFFC0D0F6C6541311871B27 /* [CP] Check Pods Manifest.lock */ = {
			isa = PBXShellScriptBuildPhase;
			buildActionMask = 2147483647;
			files = (
			);
			inputFileListPaths = (
			);
			inputPaths = (
				"${PODS_PODFILE_DIR_PATH}/Podfile.lock",
				"${PODS_ROOT}/Manifest.lock",
			);
			name = "[CP] Check Pods Manifest.lock";
			outputFileListPaths = (
			);
			outputPaths = (
				"$(DERIVED_FILE_DIR)/Pods-GitTrendsTests-checkManifestLockResult.txt",
			);
			runOnlyForDeploymentPostprocessing = 0;
			shellPath = /bin/sh;
			shellScript = "diff \"${PODS_PODFILE_DIR_PATH}/Podfile.lock\" \"${PODS_ROOT}/Manifest.lock\" > /dev/null\nif [ $? != 0 ] ; then\n    # print error to STDERR\n    echo \"error: The sandbox is not in sync with the Podfile.lock. Run 'pod install' or update your CocoaPods installation.\" >&2\n    exit 1\nfi\n# This output is used by Xcode 'outputs' to avoid re-running this script phase.\necho \"SUCCESS\" > \"${SCRIPT_OUTPUT_FILE_0}\"\n";
			showEnvVarsInLog = 0;
		};
		93AB1B49C2EC8A03A1560AF2 /* [CP] Check Pods Manifest.lock */ = {
			isa = PBXShellScriptBuildPhase;
			buildActionMask = 2147483647;
			files = (
			);
			inputFileListPaths = (
			);
			inputPaths = (
				"${PODS_PODFILE_DIR_PATH}/Podfile.lock",
				"${PODS_ROOT}/Manifest.lock",
			);
			name = "[CP] Check Pods Manifest.lock";
			outputFileListPaths = (
			);
			outputPaths = (
				"$(DERIVED_FILE_DIR)/Pods-GitTrends-checkManifestLockResult.txt",
			);
			runOnlyForDeploymentPostprocessing = 0;
			shellPath = /bin/sh;
			shellScript = "diff \"${PODS_PODFILE_DIR_PATH}/Podfile.lock\" \"${PODS_ROOT}/Manifest.lock\" > /dev/null\nif [ $? != 0 ] ; then\n    # print error to STDERR\n    echo \"error: The sandbox is not in sync with the Podfile.lock. Run 'pod install' or update your CocoaPods installation.\" >&2\n    exit 1\nfi\n# This output is used by Xcode 'outputs' to avoid re-running this script phase.\necho \"SUCCESS\" > \"${SCRIPT_OUTPUT_FILE_0}\"\n";
			showEnvVarsInLog = 0;
		};
		AE3772DC591B25277DE58CDF /* [CP] Check Pods Manifest.lock */ = {
			isa = PBXShellScriptBuildPhase;
			buildActionMask = 2147483647;
			files = (
			);
			inputFileListPaths = (
			);
			inputPaths = (
				"${PODS_PODFILE_DIR_PATH}/Podfile.lock",
				"${PODS_ROOT}/Manifest.lock",
			);
			name = "[CP] Check Pods Manifest.lock";
			outputFileListPaths = (
			);
			outputPaths = (
				"$(DERIVED_FILE_DIR)/Pods-GitTrends-GitTrendsUITests-checkManifestLockResult.txt",
			);
			runOnlyForDeploymentPostprocessing = 0;
			shellPath = /bin/sh;
			shellScript = "diff \"${PODS_PODFILE_DIR_PATH}/Podfile.lock\" \"${PODS_ROOT}/Manifest.lock\" > /dev/null\nif [ $? != 0 ] ; then\n    # print error to STDERR\n    echo \"error: The sandbox is not in sync with the Podfile.lock. Run 'pod install' or update your CocoaPods installation.\" >&2\n    exit 1\nfi\n# This output is used by Xcode 'outputs' to avoid re-running this script phase.\necho \"SUCCESS\" > \"${SCRIPT_OUTPUT_FILE_0}\"\n";
			showEnvVarsInLog = 0;
		};
/* End PBXShellScriptBuildPhase section */

/* Begin PBXSourcesBuildPhase section */
		BF8DA6822748FCCD00839B00 /* Sources */ = {
			isa = PBXSourcesBuildPhase;
			buildActionMask = 2147483647;
			files = (
				BF8DA6C927490DDD00839B00 /* NetworkManager.swift in Sources */,
				BF8DA6C22748FED100839B00 /* TrendsListingViewController.swift in Sources */,
				BF8DA68A2748FCCD00839B00 /* AppDelegate.swift in Sources */,
				BF8DA6D727490E8900839B00 /* GitHubRepoModel.swift in Sources */,
				BF8FE656274D2A8000B15C6F /* TrendsListingTableViewCell.swift in Sources */,
				BF8DA6CF27490E5500839B00 /* GitHubEndpoint.swift in Sources */,
				BF8FE64C274D225400B15C6F /* TrendsListingViewModel.swift in Sources */,
				BF8DA68C2748FCCD00839B00 /* SceneDelegate.swift in Sources */,
				BFB5011F274F579000735673 /* ViewControllerFactory.swift in Sources */,
				BF8FE676274ED5F600B15C6F /* UIColor+EXT.swift in Sources */,
				BF8DA6CB27490DF700839B00 /* Endpoint.swift in Sources */,
			);
			runOnlyForDeploymentPostprocessing = 0;
		};
		BF8DA6982748FCCE00839B00 /* Sources */ = {
			isa = PBXSourcesBuildPhase;
			buildActionMask = 2147483647;
			files = (
				BF8DA6E4274A366600839B00 /* TrendsListingTests.swift in Sources */,
				BFB50128274F67B800735673 /* TrendsListingViewModel.swift in Sources */,
				BF8DA6D027490E5500839B00 /* GitHubEndpoint.swift in Sources */,
				BF8DA6A12748FCCE00839B00 /* GitTrendsTests.swift in Sources */,
				BF8DA6D427490E5B00839B00 /* NetworkManager.swift in Sources */,
				BF8FE657274D2A8000B15C6F /* TrendsListingTableViewCell.swift in Sources */,
				BFB50125274F670300735673 /* MockViewControllerFactory.swift in Sources */,
				BF8DA6D227490E5800839B00 /* Endpoint.swift in Sources */,
				BF8DA6DC274A351400839B00 /* MockNetworkManager.swift in Sources */,
				BF8DA6D827490E8900839B00 /* GitHubRepoModel.swift in Sources */,
				BFB5012A274F694300735673 /* UIColor+EXT.swift in Sources */,
				BF8DA6C32748FED100839B00 /* TrendsListingViewController.swift in Sources */,
				BFB50126274F67AA00735673 /* ViewControllerFactory.swift in Sources */,
			);
			runOnlyForDeploymentPostprocessing = 0;
		};
		BF8DA6A22748FCCE00839B00 /* Sources */ = {
			isa = PBXSourcesBuildPhase;
			buildActionMask = 2147483647;
			files = (
				BF8DA6D527490E5C00839B00 /* NetworkManager.swift in Sources */,
				BFB50129274F67B900735673 /* TrendsListingViewModel.swift in Sources */,
				BF8DA6C42748FED100839B00 /* TrendsListingViewController.swift in Sources */,
				BF8DA6DD274A351400839B00 /* MockNetworkManager.swift in Sources */,
				BF8DA6AB2748FCCE00839B00 /* GitTrendsUITests.swift in Sources */,
				BF8DA6D927490E8900839B00 /* GitHubRepoModel.swift in Sources */,
				BF8FE658274D2A8000B15C6F /* TrendsListingTableViewCell.swift in Sources */,
				BF8DA6AD2748FCCE00839B00 /* GitTrendsUITestsLaunchTests.swift in Sources */,
				BF8DA6D127490E5500839B00 /* GitHubEndpoint.swift in Sources */,
				BF8DA6D327490E5900839B00 /* Endpoint.swift in Sources */,
				BFB5012B274F694300735673 /* UIColor+EXT.swift in Sources */,
				BF8DA6E5274A366600839B00 /* TrendsListingTests.swift in Sources */,
				BFB50127274F67AA00735673 /* ViewControllerFactory.swift in Sources */,
				BFB5012C274F699900735673 /* MockViewControllerFactory.swift in Sources */,
			);
			runOnlyForDeploymentPostprocessing = 0;
		};
/* End PBXSourcesBuildPhase section */

/* Begin PBXTargetDependency section */
		BF8DA69E2748FCCE00839B00 /* PBXTargetDependency */ = {
			isa = PBXTargetDependency;
			target = BF8DA6852748FCCD00839B00 /* GitTrends */;
			targetProxy = BF8DA69D2748FCCE00839B00 /* PBXContainerItemProxy */;
		};
		BF8DA6A82748FCCE00839B00 /* PBXTargetDependency */ = {
			isa = PBXTargetDependency;
			target = BF8DA6852748FCCD00839B00 /* GitTrends */;
			targetProxy = BF8DA6A72748FCCE00839B00 /* PBXContainerItemProxy */;
		};
/* End PBXTargetDependency section */

/* Begin PBXVariantGroup section */
		BF8DA6942748FCCE00839B00 /* LaunchScreen.storyboard */ = {
			isa = PBXVariantGroup;
			children = (
				BF8DA6952748FCCE00839B00 /* Base */,
			);
			name = LaunchScreen.storyboard;
			sourceTree = "<group>";
		};
/* End PBXVariantGroup section */

/* Begin XCBuildConfiguration section */
		BF8DA6AE2748FCCE00839B00 /* Debug */ = {
			isa = XCBuildConfiguration;
			buildSettings = {
				ALWAYS_SEARCH_USER_PATHS = NO;
				CLANG_ANALYZER_NONNULL = YES;
				CLANG_ANALYZER_NUMBER_OBJECT_CONVERSION = YES_AGGRESSIVE;
				CLANG_CXX_LANGUAGE_STANDARD = "gnu++17";
				CLANG_CXX_LIBRARY = "libc++";
				CLANG_ENABLE_MODULES = YES;
				CLANG_ENABLE_OBJC_ARC = YES;
				CLANG_ENABLE_OBJC_WEAK = YES;
				CLANG_WARN_BLOCK_CAPTURE_AUTORELEASING = YES;
				CLANG_WARN_BOOL_CONVERSION = YES;
				CLANG_WARN_COMMA = YES;
				CLANG_WARN_CONSTANT_CONVERSION = YES;
				CLANG_WARN_DEPRECATED_OBJC_IMPLEMENTATIONS = YES;
				CLANG_WARN_DIRECT_OBJC_ISA_USAGE = YES_ERROR;
				CLANG_WARN_DOCUMENTATION_COMMENTS = YES;
				CLANG_WARN_EMPTY_BODY = YES;
				CLANG_WARN_ENUM_CONVERSION = YES;
				CLANG_WARN_INFINITE_RECURSION = YES;
				CLANG_WARN_INT_CONVERSION = YES;
				CLANG_WARN_NON_LITERAL_NULL_CONVERSION = YES;
				CLANG_WARN_OBJC_IMPLICIT_RETAIN_SELF = YES;
				CLANG_WARN_OBJC_LITERAL_CONVERSION = YES;
				CLANG_WARN_OBJC_ROOT_CLASS = YES_ERROR;
				CLANG_WARN_QUOTED_INCLUDE_IN_FRAMEWORK_HEADER = YES;
				CLANG_WARN_RANGE_LOOP_ANALYSIS = YES;
				CLANG_WARN_STRICT_PROTOTYPES = YES;
				CLANG_WARN_SUSPICIOUS_MOVE = YES;
				CLANG_WARN_UNGUARDED_AVAILABILITY = YES_AGGRESSIVE;
				CLANG_WARN_UNREACHABLE_CODE = YES;
				CLANG_WARN__DUPLICATE_METHOD_MATCH = YES;
				COPY_PHASE_STRIP = NO;
				DEBUG_INFORMATION_FORMAT = dwarf;
				ENABLE_STRICT_OBJC_MSGSEND = YES;
				ENABLE_TESTABILITY = YES;
				GCC_C_LANGUAGE_STANDARD = gnu11;
				GCC_DYNAMIC_NO_PIC = NO;
				GCC_NO_COMMON_BLOCKS = YES;
				GCC_OPTIMIZATION_LEVEL = 0;
				GCC_PREPROCESSOR_DEFINITIONS = (
					"DEBUG=1",
					"$(inherited)",
				);
				GCC_WARN_64_TO_32_BIT_CONVERSION = YES;
				GCC_WARN_ABOUT_RETURN_TYPE = YES_ERROR;
				GCC_WARN_UNDECLARED_SELECTOR = YES;
				GCC_WARN_UNINITIALIZED_AUTOS = YES_AGGRESSIVE;
				GCC_WARN_UNUSED_FUNCTION = YES;
				GCC_WARN_UNUSED_VARIABLE = YES;
				IPHONEOS_DEPLOYMENT_TARGET = 13.0;
				MTL_ENABLE_DEBUG_INFO = INCLUDE_SOURCE;
				MTL_FAST_MATH = YES;
				ONLY_ACTIVE_ARCH = YES;
				SDKROOT = iphoneos;
				SWIFT_ACTIVE_COMPILATION_CONDITIONS = DEBUG;
				SWIFT_OPTIMIZATION_LEVEL = "-Onone";
			};
			name = Debug;
		};
		BF8DA6AF2748FCCE00839B00 /* Release */ = {
			isa = XCBuildConfiguration;
			buildSettings = {
				ALWAYS_SEARCH_USER_PATHS = NO;
				CLANG_ANALYZER_NONNULL = YES;
				CLANG_ANALYZER_NUMBER_OBJECT_CONVERSION = YES_AGGRESSIVE;
				CLANG_CXX_LANGUAGE_STANDARD = "gnu++17";
				CLANG_CXX_LIBRARY = "libc++";
				CLANG_ENABLE_MODULES = YES;
				CLANG_ENABLE_OBJC_ARC = YES;
				CLANG_ENABLE_OBJC_WEAK = YES;
				CLANG_WARN_BLOCK_CAPTURE_AUTORELEASING = YES;
				CLANG_WARN_BOOL_CONVERSION = YES;
				CLANG_WARN_COMMA = YES;
				CLANG_WARN_CONSTANT_CONVERSION = YES;
				CLANG_WARN_DEPRECATED_OBJC_IMPLEMENTATIONS = YES;
				CLANG_WARN_DIRECT_OBJC_ISA_USAGE = YES_ERROR;
				CLANG_WARN_DOCUMENTATION_COMMENTS = YES;
				CLANG_WARN_EMPTY_BODY = YES;
				CLANG_WARN_ENUM_CONVERSION = YES;
				CLANG_WARN_INFINITE_RECURSION = YES;
				CLANG_WARN_INT_CONVERSION = YES;
				CLANG_WARN_NON_LITERAL_NULL_CONVERSION = YES;
				CLANG_WARN_OBJC_IMPLICIT_RETAIN_SELF = YES;
				CLANG_WARN_OBJC_LITERAL_CONVERSION = YES;
				CLANG_WARN_OBJC_ROOT_CLASS = YES_ERROR;
				CLANG_WARN_QUOTED_INCLUDE_IN_FRAMEWORK_HEADER = YES;
				CLANG_WARN_RANGE_LOOP_ANALYSIS = YES;
				CLANG_WARN_STRICT_PROTOTYPES = YES;
				CLANG_WARN_SUSPICIOUS_MOVE = YES;
				CLANG_WARN_UNGUARDED_AVAILABILITY = YES_AGGRESSIVE;
				CLANG_WARN_UNREACHABLE_CODE = YES;
				CLANG_WARN__DUPLICATE_METHOD_MATCH = YES;
				COPY_PHASE_STRIP = NO;
				DEBUG_INFORMATION_FORMAT = "dwarf-with-dsym";
				ENABLE_NS_ASSERTIONS = NO;
				ENABLE_STRICT_OBJC_MSGSEND = YES;
				GCC_C_LANGUAGE_STANDARD = gnu11;
				GCC_NO_COMMON_BLOCKS = YES;
				GCC_WARN_64_TO_32_BIT_CONVERSION = YES;
				GCC_WARN_ABOUT_RETURN_TYPE = YES_ERROR;
				GCC_WARN_UNDECLARED_SELECTOR = YES;
				GCC_WARN_UNINITIALIZED_AUTOS = YES_AGGRESSIVE;
				GCC_WARN_UNUSED_FUNCTION = YES;
				GCC_WARN_UNUSED_VARIABLE = YES;
				IPHONEOS_DEPLOYMENT_TARGET = 13.0;
				MTL_ENABLE_DEBUG_INFO = NO;
				MTL_FAST_MATH = YES;
				SDKROOT = iphoneos;
				SWIFT_COMPILATION_MODE = wholemodule;
				SWIFT_OPTIMIZATION_LEVEL = "-O";
				VALIDATE_PRODUCT = YES;
			};
			name = Release;
		};
		BF8DA6B12748FCCE00839B00 /* Debug */ = {
			isa = XCBuildConfiguration;
			baseConfigurationReference = 8641E8A66008D069B45D8CD1 /* Pods-GitTrends.debug.xcconfig */;
			buildSettings = {
				ASSETCATALOG_COMPILER_APPICON_NAME = AppIcon;
				ASSETCATALOG_COMPILER_GLOBAL_ACCENT_COLOR_NAME = AccentColor;
				CODE_SIGN_STYLE = Automatic;
				CURRENT_PROJECT_VERSION = 1;
				GENERATE_INFOPLIST_FILE = YES;
				INFOPLIST_FILE = GitTrends/Resources/Info.plist;
				INFOPLIST_KEY_UIApplicationSupportsIndirectInputEvents = YES;
				INFOPLIST_KEY_UILaunchStoryboardName = LaunchScreen;
				INFOPLIST_KEY_UIMainStoryboardFile = "";
				INFOPLIST_KEY_UISupportedInterfaceOrientations_iPad = "UIInterfaceOrientationPortrait UIInterfaceOrientationPortraitUpsideDown UIInterfaceOrientationLandscapeLeft UIInterfaceOrientationLandscapeRight";
				INFOPLIST_KEY_UISupportedInterfaceOrientations_iPhone = "UIInterfaceOrientationPortrait UIInterfaceOrientationLandscapeLeft UIInterfaceOrientationLandscapeRight";
				LD_RUNPATH_SEARCH_PATHS = (
					"$(inherited)",
					"@executable_path/Frameworks",
				);
				MARKETING_VERSION = 1.0;
				PRODUCT_BUNDLE_IDENTIFIER = com.osamaazmat.GitTrends;
				PRODUCT_NAME = "$(TARGET_NAME)";
				SWIFT_EMIT_LOC_STRINGS = YES;
				SWIFT_VERSION = 5.0;
				TARGETED_DEVICE_FAMILY = "1,2";
			};
			name = Debug;
		};
		BF8DA6B22748FCCE00839B00 /* Release */ = {
			isa = XCBuildConfiguration;
			baseConfigurationReference = 60505F5A04A9C59576C3C561 /* Pods-GitTrends.release.xcconfig */;
			buildSettings = {
				ASSETCATALOG_COMPILER_APPICON_NAME = AppIcon;
				ASSETCATALOG_COMPILER_GLOBAL_ACCENT_COLOR_NAME = AccentColor;
				CODE_SIGN_STYLE = Automatic;
				CURRENT_PROJECT_VERSION = 1;
				GENERATE_INFOPLIST_FILE = YES;
				INFOPLIST_FILE = GitTrends/Resources/Info.plist;
				INFOPLIST_KEY_UIApplicationSupportsIndirectInputEvents = YES;
				INFOPLIST_KEY_UILaunchStoryboardName = LaunchScreen;
				INFOPLIST_KEY_UIMainStoryboardFile = "";
				INFOPLIST_KEY_UISupportedInterfaceOrientations_iPad = "UIInterfaceOrientationPortrait UIInterfaceOrientationPortraitUpsideDown UIInterfaceOrientationLandscapeLeft UIInterfaceOrientationLandscapeRight";
				INFOPLIST_KEY_UISupportedInterfaceOrientations_iPhone = "UIInterfaceOrientationPortrait UIInterfaceOrientationLandscapeLeft UIInterfaceOrientationLandscapeRight";
				LD_RUNPATH_SEARCH_PATHS = (
					"$(inherited)",
					"@executable_path/Frameworks",
				);
				MARKETING_VERSION = 1.0;
				PRODUCT_BUNDLE_IDENTIFIER = com.osamaazmat.GitTrends;
				PRODUCT_NAME = "$(TARGET_NAME)";
				SWIFT_EMIT_LOC_STRINGS = YES;
				SWIFT_VERSION = 5.0;
				TARGETED_DEVICE_FAMILY = "1,2";
			};
			name = Release;
		};
		BF8DA6B42748FCCE00839B00 /* Debug */ = {
			isa = XCBuildConfiguration;
			baseConfigurationReference = 61BB7B231C3C481984BCC19E /* Pods-GitTrendsTests.debug.xcconfig */;
			buildSettings = {
				ALWAYS_EMBED_SWIFT_STANDARD_LIBRARIES = YES;
				BUNDLE_LOADER = "$(TEST_HOST)";
				CODE_SIGN_STYLE = Automatic;
				CURRENT_PROJECT_VERSION = 1;
				GENERATE_INFOPLIST_FILE = YES;
				IPHONEOS_DEPLOYMENT_TARGET = 15.0;
				LD_RUNPATH_SEARCH_PATHS = (
					"$(inherited)",
					"@executable_path/Frameworks",
					"@loader_path/Frameworks",
				);
				MARKETING_VERSION = 1.0;
				PRODUCT_BUNDLE_IDENTIFIER = com.osamaazmat.GitTrendsTests;
				PRODUCT_NAME = "$(TARGET_NAME)";
				SWIFT_EMIT_LOC_STRINGS = NO;
				SWIFT_VERSION = 5.0;
				TARGETED_DEVICE_FAMILY = "1,2";
				TEST_HOST = "$(BUILT_PRODUCTS_DIR)/GitTrends.app/GitTrends";
			};
			name = Debug;
		};
		BF8DA6B52748FCCE00839B00 /* Release */ = {
			isa = XCBuildConfiguration;
			baseConfigurationReference = 8C4BDE75749FA13BD528AFBC /* Pods-GitTrendsTests.release.xcconfig */;
			buildSettings = {
				ALWAYS_EMBED_SWIFT_STANDARD_LIBRARIES = YES;
				BUNDLE_LOADER = "$(TEST_HOST)";
				CODE_SIGN_STYLE = Automatic;
				CURRENT_PROJECT_VERSION = 1;
				GENERATE_INFOPLIST_FILE = YES;
				IPHONEOS_DEPLOYMENT_TARGET = 15.0;
				LD_RUNPATH_SEARCH_PATHS = (
					"$(inherited)",
					"@executable_path/Frameworks",
					"@loader_path/Frameworks",
				);
				MARKETING_VERSION = 1.0;
				PRODUCT_BUNDLE_IDENTIFIER = com.osamaazmat.GitTrendsTests;
				PRODUCT_NAME = "$(TARGET_NAME)";
				SWIFT_EMIT_LOC_STRINGS = NO;
				SWIFT_VERSION = 5.0;
				TARGETED_DEVICE_FAMILY = "1,2";
				TEST_HOST = "$(BUILT_PRODUCTS_DIR)/GitTrends.app/GitTrends";
			};
			name = Release;
		};
		BF8DA6B72748FCCE00839B00 /* Debug */ = {
			isa = XCBuildConfiguration;
			baseConfigurationReference = E543DE9B78D7EB0D714C182B /* Pods-GitTrends-GitTrendsUITests.debug.xcconfig */;
			buildSettings = {
				ALWAYS_EMBED_SWIFT_STANDARD_LIBRARIES = YES;
				CODE_SIGN_STYLE = Automatic;
				CURRENT_PROJECT_VERSION = 1;
				GENERATE_INFOPLIST_FILE = YES;
				LD_RUNPATH_SEARCH_PATHS = (
					"$(inherited)",
					"@executable_path/Frameworks",
					"@loader_path/Frameworks",
				);
				MARKETING_VERSION = 1.0;
				PRODUCT_BUNDLE_IDENTIFIER = com.osamaazmat.GitTrendsUITests;
				PRODUCT_NAME = "$(TARGET_NAME)";
				SWIFT_EMIT_LOC_STRINGS = NO;
				SWIFT_VERSION = 5.0;
				TARGETED_DEVICE_FAMILY = "1,2";
				TEST_TARGET_NAME = GitTrends;
			};
			name = Debug;
		};
		BF8DA6B82748FCCE00839B00 /* Release */ = {
			isa = XCBuildConfiguration;
			baseConfigurationReference = 5D96229F0F85DD4F662463E7 /* Pods-GitTrends-GitTrendsUITests.release.xcconfig */;
			buildSettings = {
				ALWAYS_EMBED_SWIFT_STANDARD_LIBRARIES = YES;
				CODE_SIGN_STYLE = Automatic;
				CURRENT_PROJECT_VERSION = 1;
				GENERATE_INFOPLIST_FILE = YES;
				LD_RUNPATH_SEARCH_PATHS = (
					"$(inherited)",
					"@executable_path/Frameworks",
					"@loader_path/Frameworks",
				);
				MARKETING_VERSION = 1.0;
				PRODUCT_BUNDLE_IDENTIFIER = com.osamaazmat.GitTrendsUITests;
				PRODUCT_NAME = "$(TARGET_NAME)";
				SWIFT_EMIT_LOC_STRINGS = NO;
				SWIFT_VERSION = 5.0;
				TARGETED_DEVICE_FAMILY = "1,2";
				TEST_TARGET_NAME = GitTrends;
			};
			name = Release;
		};
/* End XCBuildConfiguration section */

/* Begin XCConfigurationList section */
		BF8DA6812748FCCD00839B00 /* Build configuration list for PBXProject "GitTrends" */ = {
			isa = XCConfigurationList;
			buildConfigurations = (
				BF8DA6AE2748FCCE00839B00 /* Debug */,
				BF8DA6AF2748FCCE00839B00 /* Release */,
			);
			defaultConfigurationIsVisible = 0;
			defaultConfigurationName = Release;
		};
		BF8DA6B02748FCCE00839B00 /* Build configuration list for PBXNativeTarget "GitTrends" */ = {
			isa = XCConfigurationList;
			buildConfigurations = (
				BF8DA6B12748FCCE00839B00 /* Debug */,
				BF8DA6B22748FCCE00839B00 /* Release */,
			);
			defaultConfigurationIsVisible = 0;
			defaultConfigurationName = Release;
		};
		BF8DA6B32748FCCE00839B00 /* Build configuration list for PBXNativeTarget "GitTrendsTests" */ = {
			isa = XCConfigurationList;
			buildConfigurations = (
				BF8DA6B42748FCCE00839B00 /* Debug */,
				BF8DA6B52748FCCE00839B00 /* Release */,
			);
			defaultConfigurationIsVisible = 0;
			defaultConfigurationName = Release;
		};
		BF8DA6B62748FCCE00839B00 /* Build configuration list for PBXNativeTarget "GitTrendsUITests" */ = {
			isa = XCConfigurationList;
			buildConfigurations = (
				BF8DA6B72748FCCE00839B00 /* Debug */,
				BF8DA6B82748FCCE00839B00 /* Release */,
			);
			defaultConfigurationIsVisible = 0;
			defaultConfigurationName = Release;
		};
/* End XCConfigurationList section */
	};
	rootObject = BF8DA67E2748FCCD00839B00 /* Project object */;
}
